
Microsoft Visual Studio Solution File, Format Version 12.00
# Visual Studio Version 16
VisualStudioVersion = 16.0.30204.135
MinimumVisualStudioVersion = 10.0.40219.1
Project("{FAE04EC0-301F-11D3-BF4B-00C04F79EFBC}") = "MTGCardSearch", "MTGCardSearch.csproj", "{33F1EC87-5CBE-4857-98C9-CC179ECCEF39}"
EndProject
Global
	GlobalSection(SolutionConfigurationPlatforms) = preSolution
		Debug|Any CPU = Debug|Any CPU
		Release|Any CPU = Release|Any CPU
	EndGlobalSection
	GlobalSection(ProjectConfigurationPlatforms) = postSolution
		{33F1EC87-5CBE-4857-98C9-CC179ECCEF39}.Debug|Any CPU.ActiveCfg = Debug|Any CPU
		{33F1EC87-5CBE-4857-98C9-CC179ECCEF39}.Debug|Any CPU.Build.0 = Debug|Any CPU
		{33F1EC87-5CBE-4857-98C9-CC179ECCEF39}.Release|Any CPU.ActiveCfg = Release|Any CPU
		{33F1EC87-5CBE-4857-98C9-CC179ECCEF39}.Release|Any CPU.Build.0 = Release|Any CPU
	EndGlobalSection
	GlobalSection(SolutionProperties) = preSolution
		HideSolutionNode = FALSE
	EndGlobalSection
	GlobalSection(ExtensibilityGlobals) = postSolution
		SolutionGuid = {95D973CD-7E38-429F-90EB-6B1D258D21AB}
	EndGlobalSection
EndGlobal
